{
    "name": "melbet-guide",
    "version": "1.0.0",
    "lockfileVersion": 2,
    "requires": true,
    "packages": {
      "": {
        "name": "melbet-guide",
        "version": "1.0.0",
        "license": "MIT",
        "dependencies": {
          "lite-server": "^2.6.1"
        }
      },
      "node_modules/lite-server": {
        "version": "2.6.1",
        "resolved": "https://registry.npmjs.org/lite-server/-/lite-server-2.6.1.tgz",
        "integrity": "sha512-...<hash>...",
        "dependencies": {
          "browser-sync": "^2.26.7",
          "connect-history-api-fallback": "^1.6.0",
          "connect-logger": "^0.0.1",
          "lodash": "^4.17.20"
        }
      }
    },
    "dependencies": {
      "lite-server": {
        "version": "2.6.1",
        "resolved": "https://registry.npmjs.org/lite-server/-/lite-server-2.6.1.tgz",
        "integrity": "sha512-...<hash>..."
      }
    }
  }
  